
Microsoft Visual Studio Solution File, Format Version 12.00
# Visual Studio Version 17
VisualStudioVersion = 17.6.33723.286
MinimumVisualStudioVersion = 10.0.40219.1
Project("{FAE04EC0-301F-11D3-BF4B-00C04F79EFBC}") = "ApplicationFiles", "ApplicationFiles\ApplicationFiles.csproj", "{73ACE216-6563-4F1E-914F-DEA4799EB97F}"
EndProject
Global
	GlobalSection(SolutionConfigurationPlatforms) = preSolution
		Debug|Any CPU = Debug|Any CPU
		Release|Any CPU = Release|Any CPU
	EndGlobalSection
	GlobalSection(ProjectConfigurationPlatforms) = postSolution
		{73ACE216-6563-4F1E-914F-DEA4799EB97F}.Debug|Any CPU.ActiveCfg = Debug|Any CPU
		{73ACE216-6563-4F1E-914F-DEA4799EB97F}.Debug|Any CPU.Build.0 = Debug|Any CPU
		{73ACE216-6563-4F1E-914F-DEA4799EB97F}.Release|Any CPU.ActiveCfg = Release|Any CPU
		{73ACE216-6563-4F1E-914F-DEA4799EB97F}.Release|Any CPU.Build.0 = Release|Any CPU
	EndGlobalSection
	GlobalSection(SolutionProperties) = preSolution
		HideSolutionNode = FALSE
	EndGlobalSection
	GlobalSection(ExtensibilityGlobals) = postSolution
		SolutionGuid = {F9DBD157-86E7-4419-A2BB-4D7A2B79A25D}
	EndGlobalSection
EndGlobal
